
Microsoft Visual Studio Solution File, Format Version 12.00
# Visual Studio 15
VisualStudioVersion = 15.0.28307.136
MinimumVisualStudioVersion = 10.0.40219.1
Project("{9A19103F-16F7-4668-BE54-9A1E7A4F7556}") = "BlazorWebSocketHelper", "BlazorWebSocketHelper.csproj", "{26C9EF4B-3F19-41BE-A7CE-C7E00A72914C}"
EndProject
Global
	GlobalSection(SolutionConfigurationPlatforms) = preSolution
		Debug|Any CPU = Debug|Any CPU
		Release|Any CPU = Release|Any CPU
	EndGlobalSection
	GlobalSection(ProjectConfigurationPlatforms) = postSolution
		{26C9EF4B-3F19-41BE-A7CE-C7E00A72914C}.Debug|Any CPU.ActiveCfg = Debug|Any CPU
		{26C9EF4B-3F19-41BE-A7CE-C7E00A72914C}.Debug|Any CPU.Build.0 = Debug|Any CPU
		{26C9EF4B-3F19-41BE-A7CE-C7E00A72914C}.Release|Any CPU.ActiveCfg = Release|Any CPU
		{26C9EF4B-3F19-41BE-A7CE-C7E00A72914C}.Release|Any CPU.Build.0 = Release|Any CPU
	EndGlobalSection
	GlobalSection(SolutionProperties) = preSolution
		HideSolutionNode = FALSE
	EndGlobalSection
	GlobalSection(ExtensibilityGlobals) = postSolution
		SolutionGuid = {19ECD227-4D15-44CF-9CE3-F41B67E06965}
	EndGlobalSection
EndGlobal
